
Microsoft Visual Studio Solution File, Format Version 12.00
# Visual Studio Version 17
VisualStudioVersion = 17.11.35312.102
MinimumVisualStudioVersion = 10.0.40219.1
Project("{FAE04EC0-301F-11D3-BF4B-00C04F79EFBC}") = "lab 1.2", "lab 1.2\lab 1.2.csproj", "{309C4A68-4C0E-49B7-8D74-6D2E0CA6592C}"
EndProject
Global
	GlobalSection(SolutionConfigurationPlatforms) = preSolution
		Debug|Any CPU = Debug|Any CPU
		Release|Any CPU = Release|Any CPU
	EndGlobalSection
	GlobalSection(ProjectConfigurationPlatforms) = postSolution
		{309C4A68-4C0E-49B7-8D74-6D2E0CA6592C}.Debug|Any CPU.ActiveCfg = Debug|Any CPU
		{309C4A68-4C0E-49B7-8D74-6D2E0CA6592C}.Debug|Any CPU.Build.0 = Debug|Any CPU
		{309C4A68-4C0E-49B7-8D74-6D2E0CA6592C}.Release|Any CPU.ActiveCfg = Release|Any CPU
		{309C4A68-4C0E-49B7-8D74-6D2E0CA6592C}.Release|Any CPU.Build.0 = Release|Any CPU
	EndGlobalSection
	GlobalSection(SolutionProperties) = preSolution
		HideSolutionNode = FALSE
	EndGlobalSection
	GlobalSection(ExtensibilityGlobals) = postSolution
		SolutionGuid = {DF40DA1B-5948-4076-9C6E-9034E0AD2133}
	EndGlobalSection
EndGlobal
